
Microsoft Visual Studio Solution File, Format Version 12.00
# Visual Studio Version 16
VisualStudioVersion = 16.0.29230.47
MinimumVisualStudioVersion = 10.0.40219.1
Project("{FAE04EC0-301F-11D3-BF4B-00C04F79EFBC}") = "Swap_two_numbers_without_third_variable", "Swap_two_numbers_without_third_variable\Swap_two_numbers_without_third_variable.csproj", "{17B78BF9-8024-4315-AB0D-56B87566F750}"
EndProject
Global
	GlobalSection(SolutionConfigurationPlatforms) = preSolution
		Debug|Any CPU = Debug|Any CPU
		Release|Any CPU = Release|Any CPU
	EndGlobalSection
	GlobalSection(ProjectConfigurationPlatforms) = postSolution
		{17B78BF9-8024-4315-AB0D-56B87566F750}.Debug|Any CPU.ActiveCfg = Debug|Any CPU
		{17B78BF9-8024-4315-AB0D-56B87566F750}.Debug|Any CPU.Build.0 = Debug|Any CPU
		{17B78BF9-8024-4315-AB0D-56B87566F750}.Release|Any CPU.ActiveCfg = Release|Any CPU
		{17B78BF9-8024-4315-AB0D-56B87566F750}.Release|Any CPU.Build.0 = Release|Any CPU
	EndGlobalSection
	GlobalSection(SolutionProperties) = preSolution
		HideSolutionNode = FALSE
	EndGlobalSection
	GlobalSection(ExtensibilityGlobals) = postSolution
		SolutionGuid = {AE33B2EC-09F6-49CD-AA04-BDC4F02B0C62}
	EndGlobalSection
EndGlobal
